
Microsoft Visual Studio Solution File, Format Version 12.00
# Visual Studio Version 16
VisualStudioVersion = 16.0.29613.14
MinimumVisualStudioVersion = 10.0.40219.1
Project("{E24C65DC-7377-472B-9ABA-BC803B73C61A}") = "PersonalPortfolio", ".", "{031D4D65-A41F-4261-89E6-F62176851512}"
	ProjectSection(WebsiteProperties) = preProject
		TargetFrameworkMoniker = ".NETFramework,Version%3Dv4.7.2"
		Debug.AspNetCompiler.VirtualPath = "/localhost_56926"
		Debug.AspNetCompiler.PhysicalPath = "..\PersonalPortfolio\"
		Debug.AspNetCompiler.TargetPath = "PrecompiledWeb\localhost_56926\"
		Debug.AspNetCompiler.Updateable = "true"
		Debug.AspNetCompiler.ForceOverwrite = "true"
		Debug.AspNetCompiler.FixedNames = "false"
		Debug.AspNetCompiler.Debug = "True"
		Release.AspNetCompiler.VirtualPath = "/localhost_56926"
		Release.AspNetCompiler.PhysicalPath = "..\PersonalPortfolio\"
		Release.AspNetCompiler.TargetPath = "PrecompiledWeb\localhost_56926\"
		Release.AspNetCompiler.Updateable = "true"
		Release.AspNetCompiler.ForceOverwrite = "true"
		Release.AspNetCompiler.FixedNames = "false"
		Release.AspNetCompiler.Debug = "False"
		VWDPort = "56926"
		SlnRelativePath = "..\PersonalPortfolio\"
		DefaultWebSiteLanguage = "Visual C#"
	EndProjectSection
EndProject
Global
	GlobalSection(SolutionConfigurationPlatforms) = preSolution
		Debug|Any CPU = Debug|Any CPU
	EndGlobalSection
	GlobalSection(ProjectConfigurationPlatforms) = postSolution
		{031D4D65-A41F-4261-89E6-F62176851512}.Debug|Any CPU.ActiveCfg = Debug|Any CPU
		{031D4D65-A41F-4261-89E6-F62176851512}.Debug|Any CPU.Build.0 = Debug|Any CPU
	EndGlobalSection
	GlobalSection(SolutionProperties) = preSolution
		HideSolutionNode = FALSE
	EndGlobalSection
	GlobalSection(ExtensibilityGlobals) = postSolution
		SolutionGuid = {AF62FDB3-F8DD-4085-BCC6-9A1D71D57FDD}
	EndGlobalSection
EndGlobal
