
Microsoft Visual Studio Solution File, Format Version 12.00
# Visual Studio Version 16
VisualStudioVersion = 16.0.29209.152
MinimumVisualStudioVersion = 10.0.40219.1
Project("{2150E333-8FDC-42A3-9474-1A3956D46DE8}") = "src", "src", "{106AE906-5075-410A-B941-912F811848EE}"
EndProject
Project("{2150E333-8FDC-42A3-9474-1A3956D46DE8}") = "tests", "tests", "{B31B4797-1D9F-4288-808C-BE9A31A98C7D}"
EndProject
Project("{9A19103F-16F7-4668-BE54-9A1E7A4F7556}") = "g2.ERP.Core", "Projects\g2.ERP\src\g2.ERP.Core\g2.ERP.Core.csproj", "{4548EB20-1D1B-477B-AF6E-DD55653A6583}"
EndProject
Project("{9A19103F-16F7-4668-BE54-9A1E7A4F7556}") = "g2.ERP.Infrastructure", "Projects\g2.ERP\src\g2.ERP.Infrastructure\g2.ERP.Infrastructure.csproj", "{220361D6-9C76-4E3F-BD34-3C7B50E2CA4D}"
EndProject
Project("{9A19103F-16F7-4668-BE54-9A1E7A4F7556}") = "g2.ERP.Web", "Projects\g2.ERP\src\g2.ERP.Web\g2.ERP.Web.csproj", "{C9751CB7-4CD6-4633-A99A-4F6ADD525437}"
EndProject
Project("{9A19103F-16F7-4668-BE54-9A1E7A4F7556}") = "g2.ERP.UnitTests", "Projects\g2.ERP\tests\g2.ERP.Tests\g2.ERP.UnitTests.csproj", "{AEE17BAB-D187-4BC5-B640-40CC0749566C}"
EndProject
Project("{9A19103F-16F7-4668-BE54-9A1E7A4F7556}") = "g2.ERP.FunctionalTests", "Projects\g2.ERP\tests\g2.ERP.FunctionalTests\g2.ERP.FunctionalTests.csproj", "{7D84EFEE-A7D9-44AD-A0A3-38EC7882D94C}"
	ProjectSection(ProjectDependencies) = postProject
		{C9751CB7-4CD6-4633-A99A-4F6ADD525437} = {C9751CB7-4CD6-4633-A99A-4F6ADD525437}
	EndProjectSection
EndProject
Project("{9A19103F-16F7-4668-BE54-9A1E7A4F7556}") = "g2.ERP.IntegrationTests", "Projects\g2.ERP\tests\g2.ERP.IntegrationTests\g2.ERP.IntegrationTests.csproj", "{0776DC14-9000-47A4-A3F4-ECBCF8CEBC17}"
	ProjectSection(ProjectDependencies) = postProject
		{220361D6-9C76-4E3F-BD34-3C7B50E2CA4D} = {220361D6-9C76-4E3F-BD34-3C7B50E2CA4D}
	EndProjectSection
EndProject
Project("{FAE04EC0-301F-11D3-BF4B-00C04F79EFBC}") = "TutorialsConsolUI", "Projects\ChallengesAndTutorials\TutorialsConsolUI.csproj", "{9548FCAA-429F-44E5-812B-0066DD272797}"
EndProject
Project("{2150E333-8FDC-42A3-9474-1A3956D46DE8}") = "g2-ERP", "g2-ERP", "{F5799C11-C50E-41B8-BDEB-363FB80C69D6}"
EndProject
Project("{2150E333-8FDC-42A3-9474-1A3956D46DE8}") = "Files", "Files", "{A1DD0483-559C-4CDA-B0AD-6B2F9E360DF2}"
	ProjectSection(SolutionItems) = preProject
		.gitignore = .gitignore
		Files\log - Vorlage.md = Files\log - Vorlage.md
		Files\log.md = Files\log.md
		Files\MyHotKeys.ahk = Files\MyHotKeys.ahk
		Files\r1-log.md = Files\r1-log.md
		README.md = README.md
		Files\resources.md = Files\resources.md
		Files\rules.md = Files\rules.md
		Files\todo.md = Files\todo.md
	EndProjectSection
EndProject
Project("{2150E333-8FDC-42A3-9474-1A3956D46DE8}") = "images", "images", "{56B5B5F4-032D-4191-827F-EE73DCCC5367}"
	ProjectSection(SolutionItems) = preProject
		Files\images\Anmerkung 2019-12-17 035608.jpg = Files\images\Anmerkung 2019-12-17 035608.jpg
		Files\images\Day 10_TributePage_passed.jpg = Files\images\Day 10_TributePage_passed.jpg
		Files\images\day0_startup.JPG = Files\images\day0_startup.JPG
		Files\images\day0_startup.PNG = Files\images\day0_startup.PNG
		Files\images\day1_challange.JPG = Files\images\day1_challange.JPG
		Files\images\day1_desktop.JPG = Files\images\day1_desktop.JPG
		Files\images\day3_desktop.JPG = Files\images\day3_desktop.JPG
		Files\images\day7_css-basics.JPG = Files\images\day7_css-basics.JPG
		Files\images\day7_css-basics_2.JPG = Files\images\day7_css-basics_2.JPG
		Files\images\day7_css-visualDesign.jpg = Files\images\day7_css-visualDesign.jpg
		Files\images\day8_TributePage_draft.jpg = Files\images\day8_TributePage_draft.jpg
		Files\images\Me .jpg = Files\images\Me .jpg
		Files\images\projects_TributePage_sample.jpg = Files\images\projects_TributePage_sample.jpg
	EndProjectSection
EndProject
Project("{2150E333-8FDC-42A3-9474-1A3956D46DE8}") = "intl", "intl", "{373F3A86-416B-42D2-8EB9-987A93DBF233}"
EndProject
Project("{2150E333-8FDC-42A3-9474-1A3956D46DE8}") = "de", "de", "{4B87B840-A4A3-4B65-BC29-4F888E01D790}"
	ProjectSection(SolutionItems) = preProject
		Files\intl\de\FAQ-de.md = Files\intl\de\FAQ-de.md
		Files\intl\de\log-de.md = Files\intl\de\log-de.md
		Files\intl\de\quellen.md = Files\intl\de\quellen.md
		Files\intl\de\r1-log-de.md = Files\intl\de\r1-log-de.md
		Files\intl\de\README.md = Files\intl\de\README.md
		Files\intl\de\regeln.md = Files\intl\de\regeln.md
	EndProjectSection
EndProject
Project("{2150E333-8FDC-42A3-9474-1A3956D46DE8}") = "Projects", "Projects", "{797C0B0D-16A6-4055-829F-43D15360823E}"
EndProject
Project("{E24C65DC-7377-472B-9ABA-BC803B73C61A}") = "TributePage(3)", "Projects\WebDevCert\TributePage\", "{BF129530-1397-450A-B69D-9E3DF960161A}"
	ProjectSection(WebsiteProperties) = preProject
		TargetFrameworkMoniker = ".NETFramework,Version%3Dv4.7.2"
		Debug.AspNetCompiler.VirtualPath = "/localhost_59059"
		Debug.AspNetCompiler.PhysicalPath = "Projects\WebDevCert\TributePage\"
		Debug.AspNetCompiler.TargetPath = "PrecompiledWeb\localhost_59059\"
		Debug.AspNetCompiler.Updateable = "true"
		Debug.AspNetCompiler.ForceOverwrite = "true"
		Debug.AspNetCompiler.FixedNames = "false"
		Debug.AspNetCompiler.Debug = "True"
		Release.AspNetCompiler.VirtualPath = "/localhost_59059"
		Release.AspNetCompiler.PhysicalPath = "Projects\WebDevCert\TributePage\"
		Release.AspNetCompiler.TargetPath = "PrecompiledWeb\localhost_59059\"
		Release.AspNetCompiler.Updateable = "true"
		Release.AspNetCompiler.ForceOverwrite = "true"
		Release.AspNetCompiler.FixedNames = "false"
		Release.AspNetCompiler.Debug = "False"
		VWDPort = "59059"
		SlnRelativePath = "Projects\WebDevCert\TributePage\"
	EndProjectSection
EndProject
Project("{E24C65DC-7377-472B-9ABA-BC803B73C61A}") = "SurveyForm", "Projects\WebDevCert\SurveyForm\", "{071E1288-B104-43E1-894D-5A9F871CEDDE}"
	ProjectSection(WebsiteProperties) = preProject
		TargetFrameworkMoniker = ".NETFramework,Version%3Dv4.7.2"
		Debug.AspNetCompiler.VirtualPath = "/localhost_56128"
		Debug.AspNetCompiler.PhysicalPath = "Projects\WebDevCert\SurveyForm\"
		Debug.AspNetCompiler.TargetPath = "PrecompiledWeb\localhost_56128\"
		Debug.AspNetCompiler.Updateable = "true"
		Debug.AspNetCompiler.ForceOverwrite = "true"
		Debug.AspNetCompiler.FixedNames = "false"
		Debug.AspNetCompiler.Debug = "True"
		Release.AspNetCompiler.VirtualPath = "/localhost_56128"
		Release.AspNetCompiler.PhysicalPath = "Projects\WebDevCert\SurveyForm\"
		Release.AspNetCompiler.TargetPath = "PrecompiledWeb\localhost_56128\"
		Release.AspNetCompiler.Updateable = "true"
		Release.AspNetCompiler.ForceOverwrite = "true"
		Release.AspNetCompiler.FixedNames = "false"
		Release.AspNetCompiler.Debug = "False"
		VWDPort = "56128"
		SlnRelativePath = "Projects\WebDevCert\SurveyForm\"
	EndProjectSection
EndProject
Global
	GlobalSection(SolutionConfigurationPlatforms) = preSolution
		Debug|Any CPU = Debug|Any CPU
		Debug|x64 = Debug|x64
		Debug|x86 = Debug|x86
		Release|Any CPU = Release|Any CPU
		Release|x64 = Release|x64
		Release|x86 = Release|x86
	EndGlobalSection
	GlobalSection(ProjectConfigurationPlatforms) = postSolution
		{4548EB20-1D1B-477B-AF6E-DD55653A6583}.Debug|Any CPU.ActiveCfg = Debug|Any CPU
		{4548EB20-1D1B-477B-AF6E-DD55653A6583}.Debug|Any CPU.Build.0 = Debug|Any CPU
		{4548EB20-1D1B-477B-AF6E-DD55653A6583}.Debug|x64.ActiveCfg = Debug|Any CPU
		{4548EB20-1D1B-477B-AF6E-DD55653A6583}.Debug|x64.Build.0 = Debug|Any CPU
		{4548EB20-1D1B-477B-AF6E-DD55653A6583}.Debug|x86.ActiveCfg = Debug|Any CPU
		{4548EB20-1D1B-477B-AF6E-DD55653A6583}.Debug|x86.Build.0 = Debug|Any CPU
		{4548EB20-1D1B-477B-AF6E-DD55653A6583}.Release|Any CPU.ActiveCfg = Release|Any CPU
		{4548EB20-1D1B-477B-AF6E-DD55653A6583}.Release|Any CPU.Build.0 = Release|Any CPU
		{4548EB20-1D1B-477B-AF6E-DD55653A6583}.Release|x64.ActiveCfg = Release|Any CPU
		{4548EB20-1D1B-477B-AF6E-DD55653A6583}.Release|x64.Build.0 = Release|Any CPU
		{4548EB20-1D1B-477B-AF6E-DD55653A6583}.Release|x86.ActiveCfg = Release|Any CPU
		{4548EB20-1D1B-477B-AF6E-DD55653A6583}.Release|x86.Build.0 = Release|Any CPU
		{220361D6-9C76-4E3F-BD34-3C7B50E2CA4D}.Debug|Any CPU.ActiveCfg = Debug|Any CPU
		{220361D6-9C76-4E3F-BD34-3C7B50E2CA4D}.Debug|Any CPU.Build.0 = Debug|Any CPU
		{220361D6-9C76-4E3F-BD34-3C7B50E2CA4D}.Debug|x64.ActiveCfg = Debug|Any CPU
		{220361D6-9C76-4E3F-BD34-3C7B50E2CA4D}.Debug|x64.Build.0 = Debug|Any CPU
		{220361D6-9C76-4E3F-BD34-3C7B50E2CA4D}.Debug|x86.ActiveCfg = Debug|Any CPU
		{220361D6-9C76-4E3F-BD34-3C7B50E2CA4D}.Debug|x86.Build.0 = Debug|Any CPU
		{220361D6-9C76-4E3F-BD34-3C7B50E2CA4D}.Release|Any CPU.ActiveCfg = Release|Any CPU
		{220361D6-9C76-4E3F-BD34-3C7B50E2CA4D}.Release|Any CPU.Build.0 = Release|Any CPU
		{220361D6-9C76-4E3F-BD34-3C7B50E2CA4D}.Release|x64.ActiveCfg = Release|Any CPU
		{220361D6-9C76-4E3F-BD34-3C7B50E2CA4D}.Release|x64.Build.0 = Release|Any CPU
		{220361D6-9C76-4E3F-BD34-3C7B50E2CA4D}.Release|x86.ActiveCfg = Release|Any CPU
		{220361D6-9C76-4E3F-BD34-3C7B50E2CA4D}.Release|x86.Build.0 = Release|Any CPU
		{C9751CB7-4CD6-4633-A99A-4F6ADD525437}.Debug|Any CPU.ActiveCfg = Debug|Any CPU
		{C9751CB7-4CD6-4633-A99A-4F6ADD525437}.Debug|Any CPU.Build.0 = Debug|Any CPU
		{C9751CB7-4CD6-4633-A99A-4F6ADD525437}.Debug|x64.ActiveCfg = Debug|Any CPU
		{C9751CB7-4CD6-4633-A99A-4F6ADD525437}.Debug|x64.Build.0 = Debug|Any CPU
		{C9751CB7-4CD6-4633-A99A-4F6ADD525437}.Debug|x86.ActiveCfg = Debug|Any CPU
		{C9751CB7-4CD6-4633-A99A-4F6ADD525437}.Debug|x86.Build.0 = Debug|Any CPU
		{C9751CB7-4CD6-4633-A99A-4F6ADD525437}.Release|Any CPU.ActiveCfg = Release|Any CPU
		{C9751CB7-4CD6-4633-A99A-4F6ADD525437}.Release|Any CPU.Build.0 = Release|Any CPU
		{C9751CB7-4CD6-4633-A99A-4F6ADD525437}.Release|x64.ActiveCfg = Release|Any CPU
		{C9751CB7-4CD6-4633-A99A-4F6ADD525437}.Release|x64.Build.0 = Release|Any CPU
		{C9751CB7-4CD6-4633-A99A-4F6ADD525437}.Release|x86.ActiveCfg = Release|Any CPU
		{C9751CB7-4CD6-4633-A99A-4F6ADD525437}.Release|x86.Build.0 = Release|Any CPU
		{AEE17BAB-D187-4BC5-B640-40CC0749566C}.Debug|Any CPU.ActiveCfg = Debug|Any CPU
		{AEE17BAB-D187-4BC5-B640-40CC0749566C}.Debug|Any CPU.Build.0 = Debug|Any CPU
		{AEE17BAB-D187-4BC5-B640-40CC0749566C}.Debug|x64.ActiveCfg = Debug|Any CPU
		{AEE17BAB-D187-4BC5-B640-40CC0749566C}.Debug|x64.Build.0 = Debug|Any CPU
		{AEE17BAB-D187-4BC5-B640-40CC0749566C}.Debug|x86.ActiveCfg = Debug|Any CPU
		{AEE17BAB-D187-4BC5-B640-40CC0749566C}.Debug|x86.Build.0 = Debug|Any CPU
		{AEE17BAB-D187-4BC5-B640-40CC0749566C}.Release|Any CPU.ActiveCfg = Release|Any CPU
		{AEE17BAB-D187-4BC5-B640-40CC0749566C}.Release|Any CPU.Build.0 = Release|Any CPU
		{AEE17BAB-D187-4BC5-B640-40CC0749566C}.Release|x64.ActiveCfg = Release|Any CPU
		{AEE17BAB-D187-4BC5-B640-40CC0749566C}.Release|x64.Build.0 = Release|Any CPU
		{AEE17BAB-D187-4BC5-B640-40CC0749566C}.Release|x86.ActiveCfg = Release|Any CPU
		{AEE17BAB-D187-4BC5-B640-40CC0749566C}.Release|x86.Build.0 = Release|Any CPU
		{7D84EFEE-A7D9-44AD-A0A3-38EC7882D94C}.Debug|Any CPU.ActiveCfg = Debug|Any CPU
		{7D84EFEE-A7D9-44AD-A0A3-38EC7882D94C}.Debug|Any CPU.Build.0 = Debug|Any CPU
		{7D84EFEE-A7D9-44AD-A0A3-38EC7882D94C}.Debug|x64.ActiveCfg = Debug|Any CPU
		{7D84EFEE-A7D9-44AD-A0A3-38EC7882D94C}.Debug|x64.Build.0 = Debug|Any CPU
		{7D84EFEE-A7D9-44AD-A0A3-38EC7882D94C}.Debug|x86.ActiveCfg = Debug|Any CPU
		{7D84EFEE-A7D9-44AD-A0A3-38EC7882D94C}.Debug|x86.Build.0 = Debug|Any CPU
		{7D84EFEE-A7D9-44AD-A0A3-38EC7882D94C}.Release|Any CPU.ActiveCfg = Release|Any CPU
		{7D84EFEE-A7D9-44AD-A0A3-38EC7882D94C}.Release|Any CPU.Build.0 = Release|Any CPU
		{7D84EFEE-A7D9-44AD-A0A3-38EC7882D94C}.Release|x64.ActiveCfg = Release|Any CPU
		{7D84EFEE-A7D9-44AD-A0A3-38EC7882D94C}.Release|x64.Build.0 = Release|Any CPU
		{7D84EFEE-A7D9-44AD-A0A3-38EC7882D94C}.Release|x86.ActiveCfg = Release|Any CPU
		{7D84EFEE-A7D9-44AD-A0A3-38EC7882D94C}.Release|x86.Build.0 = Release|Any CPU
		{0776DC14-9000-47A4-A3F4-ECBCF8CEBC17}.Debug|Any CPU.ActiveCfg = Debug|Any CPU
		{0776DC14-9000-47A4-A3F4-ECBCF8CEBC17}.Debug|Any CPU.Build.0 = Debug|Any CPU
		{0776DC14-9000-47A4-A3F4-ECBCF8CEBC17}.Debug|x64.ActiveCfg = Debug|Any CPU
		{0776DC14-9000-47A4-A3F4-ECBCF8CEBC17}.Debug|x64.Build.0 = Debug|Any CPU
		{0776DC14-9000-47A4-A3F4-ECBCF8CEBC17}.Debug|x86.ActiveCfg = Debug|Any CPU
		{0776DC14-9000-47A4-A3F4-ECBCF8CEBC17}.Debug|x86.Build.0 = Debug|Any CPU
		{0776DC14-9000-47A4-A3F4-ECBCF8CEBC17}.Release|Any CPU.ActiveCfg = Release|Any CPU
		{0776DC14-9000-47A4-A3F4-ECBCF8CEBC17}.Release|Any CPU.Build.0 = Release|Any CPU
		{0776DC14-9000-47A4-A3F4-ECBCF8CEBC17}.Release|x64.ActiveCfg = Release|Any CPU
		{0776DC14-9000-47A4-A3F4-ECBCF8CEBC17}.Release|x64.Build.0 = Release|Any CPU
		{0776DC14-9000-47A4-A3F4-ECBCF8CEBC17}.Release|x86.ActiveCfg = Release|Any CPU
		{0776DC14-9000-47A4-A3F4-ECBCF8CEBC17}.Release|x86.Build.0 = Release|Any CPU
		{9548FCAA-429F-44E5-812B-0066DD272797}.Debug|Any CPU.ActiveCfg = Debug|Any CPU
		{9548FCAA-429F-44E5-812B-0066DD272797}.Debug|Any CPU.Build.0 = Debug|Any CPU
		{9548FCAA-429F-44E5-812B-0066DD272797}.Debug|x64.ActiveCfg = Debug|Any CPU
		{9548FCAA-429F-44E5-812B-0066DD272797}.Debug|x64.Build.0 = Debug|Any CPU
		{9548FCAA-429F-44E5-812B-0066DD272797}.Debug|x86.ActiveCfg = Debug|Any CPU
		{9548FCAA-429F-44E5-812B-0066DD272797}.Debug|x86.Build.0 = Debug|Any CPU
		{9548FCAA-429F-44E5-812B-0066DD272797}.Release|Any CPU.ActiveCfg = Release|Any CPU
		{9548FCAA-429F-44E5-812B-0066DD272797}.Release|Any CPU.Build.0 = Release|Any CPU
		{9548FCAA-429F-44E5-812B-0066DD272797}.Release|x64.ActiveCfg = Release|Any CPU
		{9548FCAA-429F-44E5-812B-0066DD272797}.Release|x64.Build.0 = Release|Any CPU
		{9548FCAA-429F-44E5-812B-0066DD272797}.Release|x86.ActiveCfg = Release|Any CPU
		{9548FCAA-429F-44E5-812B-0066DD272797}.Release|x86.Build.0 = Release|Any CPU
		{BF129530-1397-450A-B69D-9E3DF960161A}.Debug|Any CPU.ActiveCfg = Debug|Any CPU
		{BF129530-1397-450A-B69D-9E3DF960161A}.Debug|Any CPU.Build.0 = Debug|Any CPU
		{BF129530-1397-450A-B69D-9E3DF960161A}.Debug|x64.ActiveCfg = Debug|Any CPU
		{BF129530-1397-450A-B69D-9E3DF960161A}.Debug|x64.Build.0 = Debug|Any CPU
		{BF129530-1397-450A-B69D-9E3DF960161A}.Debug|x86.ActiveCfg = Debug|Any CPU
		{BF129530-1397-450A-B69D-9E3DF960161A}.Debug|x86.Build.0 = Debug|Any CPU
		{BF129530-1397-450A-B69D-9E3DF960161A}.Release|Any CPU.ActiveCfg = Debug|Any CPU
		{BF129530-1397-450A-B69D-9E3DF960161A}.Release|Any CPU.Build.0 = Debug|Any CPU
		{BF129530-1397-450A-B69D-9E3DF960161A}.Release|x64.ActiveCfg = Debug|Any CPU
		{BF129530-1397-450A-B69D-9E3DF960161A}.Release|x64.Build.0 = Debug|Any CPU
		{BF129530-1397-450A-B69D-9E3DF960161A}.Release|x86.ActiveCfg = Debug|Any CPU
		{BF129530-1397-450A-B69D-9E3DF960161A}.Release|x86.Build.0 = Debug|Any CPU
		{071E1288-B104-43E1-894D-5A9F871CEDDE}.Debug|Any CPU.ActiveCfg = Debug|Any CPU
		{071E1288-B104-43E1-894D-5A9F871CEDDE}.Debug|Any CPU.Build.0 = Debug|Any CPU
		{071E1288-B104-43E1-894D-5A9F871CEDDE}.Debug|x64.ActiveCfg = Debug|Any CPU
		{071E1288-B104-43E1-894D-5A9F871CEDDE}.Debug|x64.Build.0 = Debug|Any CPU
		{071E1288-B104-43E1-894D-5A9F871CEDDE}.Debug|x86.ActiveCfg = Debug|Any CPU
		{071E1288-B104-43E1-894D-5A9F871CEDDE}.Debug|x86.Build.0 = Debug|Any CPU
		{071E1288-B104-43E1-894D-5A9F871CEDDE}.Release|Any CPU.ActiveCfg = Debug|Any CPU
		{071E1288-B104-43E1-894D-5A9F871CEDDE}.Release|Any CPU.Build.0 = Debug|Any CPU
		{071E1288-B104-43E1-894D-5A9F871CEDDE}.Release|x64.ActiveCfg = Debug|Any CPU
		{071E1288-B104-43E1-894D-5A9F871CEDDE}.Release|x64.Build.0 = Debug|Any CPU
		{071E1288-B104-43E1-894D-5A9F871CEDDE}.Release|x86.ActiveCfg = Debug|Any CPU
		{071E1288-B104-43E1-894D-5A9F871CEDDE}.Release|x86.Build.0 = Debug|Any CPU
	EndGlobalSection
	GlobalSection(SolutionProperties) = preSolution
		HideSolutionNode = FALSE
	EndGlobalSection
	GlobalSection(NestedProjects) = preSolution
		{106AE906-5075-410A-B941-912F811848EE} = {F5799C11-C50E-41B8-BDEB-363FB80C69D6}
		{B31B4797-1D9F-4288-808C-BE9A31A98C7D} = {F5799C11-C50E-41B8-BDEB-363FB80C69D6}
		{4548EB20-1D1B-477B-AF6E-DD55653A6583} = {106AE906-5075-410A-B941-912F811848EE}
		{220361D6-9C76-4E3F-BD34-3C7B50E2CA4D} = {106AE906-5075-410A-B941-912F811848EE}
		{C9751CB7-4CD6-4633-A99A-4F6ADD525437} = {106AE906-5075-410A-B941-912F811848EE}
		{AEE17BAB-D187-4BC5-B640-40CC0749566C} = {B31B4797-1D9F-4288-808C-BE9A31A98C7D}
		{7D84EFEE-A7D9-44AD-A0A3-38EC7882D94C} = {B31B4797-1D9F-4288-808C-BE9A31A98C7D}
		{0776DC14-9000-47A4-A3F4-ECBCF8CEBC17} = {B31B4797-1D9F-4288-808C-BE9A31A98C7D}
		{9548FCAA-429F-44E5-812B-0066DD272797} = {797C0B0D-16A6-4055-829F-43D15360823E}
		{F5799C11-C50E-41B8-BDEB-363FB80C69D6} = {797C0B0D-16A6-4055-829F-43D15360823E}
		{56B5B5F4-032D-4191-827F-EE73DCCC5367} = {A1DD0483-559C-4CDA-B0AD-6B2F9E360DF2}
		{373F3A86-416B-42D2-8EB9-987A93DBF233} = {A1DD0483-559C-4CDA-B0AD-6B2F9E360DF2}
		{4B87B840-A4A3-4B65-BC29-4F888E01D790} = {373F3A86-416B-42D2-8EB9-987A93DBF233}
		{BF129530-1397-450A-B69D-9E3DF960161A} = {797C0B0D-16A6-4055-829F-43D15360823E}
		{071E1288-B104-43E1-894D-5A9F871CEDDE} = {797C0B0D-16A6-4055-829F-43D15360823E}
	EndGlobalSection
	GlobalSection(ExtensibilityGlobals) = postSolution
		SolutionGuid = {B0F19343-8185-4A9F-9165-0EA8544BC925}
	EndGlobalSection
EndGlobal
