{
  "requires": true,
  "lockfileVersion": 1,
  "dependencies": {
    "html5-boilerplate": {
      "version": "7.3.0",
      "resolved": "https://registry.npmjs.org/html5-boilerplate/-/html5-boilerplate-7.3.0.tgz",
      "integrity": "sha512-IHC/FzedeOweuJrU3rrhyJ9apnSPW5NGLS6562ryz0nXw9QtamT13SQ88/6PBkHhzfdy+gx0tqmO0yuwPpr00g=="
    }
  }
}
