
Microsoft Visual Studio Solution File, Format Version 12.00
# Visual Studio Version 16
VisualStudioVersion = 16.0.29025.244
MinimumVisualStudioVersion = 10.0.40219.1
Project("{FAE04EC0-301F-11D3-BF4B-00C04F79EFBC}") = "g2Asteroids", "g2Asteroids.csproj", "{5EBCE455-AFE6-41C2-AC18-E03AEDC5385B}"
EndProject
Global
	GlobalSection(SolutionConfigurationPlatforms) = preSolution
		Debug|Any CPU = Debug|Any CPU
		Release|Any CPU = Release|Any CPU
	EndGlobalSection
	GlobalSection(ProjectConfigurationPlatforms) = postSolution
		{5EBCE455-AFE6-41C2-AC18-E03AEDC5385B}.Debug|Any CPU.ActiveCfg = Debug|Any CPU
		{5EBCE455-AFE6-41C2-AC18-E03AEDC5385B}.Debug|Any CPU.Build.0 = Debug|Any CPU
		{5EBCE455-AFE6-41C2-AC18-E03AEDC5385B}.Release|Any CPU.ActiveCfg = Release|Any CPU
		{5EBCE455-AFE6-41C2-AC18-E03AEDC5385B}.Release|Any CPU.Build.0 = Release|Any CPU
	EndGlobalSection
	GlobalSection(SolutionProperties) = preSolution
		HideSolutionNode = FALSE
	EndGlobalSection
	GlobalSection(ExtensibilityGlobals) = postSolution
		SolutionGuid = {36069E9C-FA27-4AD0-9EEE-523955617D31}
	EndGlobalSection
EndGlobal
