
Microsoft Visual Studio Solution File, Format Version 12.00
# Visual Studio Version 16
VisualStudioVersion = 16.0.29613.14
MinimumVisualStudioVersion = 10.0.40219.1
Project("{E24C65DC-7377-472B-9ABA-BC803B73C61A}") = "TributePage", ".", "{BF129530-1397-450A-B69D-9E3DF960161A}"
	ProjectSection(WebsiteProperties) = preProject
		TargetFrameworkMoniker = ".NETFramework,Version%3Dv4.7.2"
		Debug.AspNetCompiler.VirtualPath = "/localhost_59059"
		Debug.AspNetCompiler.PhysicalPath = "..\TributePage\"
		Debug.AspNetCompiler.TargetPath = "PrecompiledWeb\localhost_59059\"
		Debug.AspNetCompiler.Updateable = "true"
		Debug.AspNetCompiler.ForceOverwrite = "true"
		Debug.AspNetCompiler.FixedNames = "false"
		Debug.AspNetCompiler.Debug = "True"
		Release.AspNetCompiler.VirtualPath = "/localhost_59059"
		Release.AspNetCompiler.PhysicalPath = "..\TributePage\"
		Release.AspNetCompiler.TargetPath = "PrecompiledWeb\localhost_59059\"
		Release.AspNetCompiler.Updateable = "true"
		Release.AspNetCompiler.ForceOverwrite = "true"
		Release.AspNetCompiler.FixedNames = "false"
		Release.AspNetCompiler.Debug = "False"
		VWDPort = "59059"
		SlnRelativePath = "..\TributePage\"
		DefaultWebSiteLanguage = "Visual C#"
	EndProjectSection
EndProject
Global
	GlobalSection(SolutionConfigurationPlatforms) = preSolution
		Debug|Any CPU = Debug|Any CPU
	EndGlobalSection
	GlobalSection(ProjectConfigurationPlatforms) = postSolution
		{BF129530-1397-450A-B69D-9E3DF960161A}.Debug|Any CPU.ActiveCfg = Debug|Any CPU
		{BF129530-1397-450A-B69D-9E3DF960161A}.Debug|Any CPU.Build.0 = Debug|Any CPU
	EndGlobalSection
	GlobalSection(SolutionProperties) = preSolution
		HideSolutionNode = FALSE
	EndGlobalSection
	GlobalSection(ExtensibilityGlobals) = postSolution
		SolutionGuid = {23709D4A-6D4E-4895-878C-424BD0DAED63}
	EndGlobalSection
EndGlobal
