
Microsoft Visual Studio Solution File, Format Version 12.00
# Visual Studio Version 16
VisualStudioVersion = 16.0.29609.76
MinimumVisualStudioVersion = 10.0.40219.1
Project("{FAE04EC0-301F-11D3-BF4B-00C04F79EFBC}") = "g2-ERP", "g2-ERP.csproj", "{CF6FEF71-9046-4187-8E30-8CC8643DCD3D}"
EndProject
Global
	GlobalSection(SolutionConfigurationPlatforms) = preSolution
		Debug|x86 = Debug|x86
		Release|x86 = Release|x86
	EndGlobalSection
	GlobalSection(ProjectConfigurationPlatforms) = postSolution
		{CF6FEF71-9046-4187-8E30-8CC8643DCD3D}.Debug|x86.ActiveCfg = Debug|x86
		{CF6FEF71-9046-4187-8E30-8CC8643DCD3D}.Debug|x86.Build.0 = Debug|x86
		{CF6FEF71-9046-4187-8E30-8CC8643DCD3D}.Release|x86.ActiveCfg = Release|x86
		{CF6FEF71-9046-4187-8E30-8CC8643DCD3D}.Release|x86.Build.0 = Release|x86
	EndGlobalSection
	GlobalSection(SolutionProperties) = preSolution
		HideSolutionNode = FALSE
	EndGlobalSection
	GlobalSection(ExtensibilityGlobals) = postSolution
		SolutionGuid = {30727032-B8A6-4A9A-ACD1-02BA36E943A1}
	EndGlobalSection
EndGlobal
