
Microsoft Visual Studio Solution File, Format Version 12.00
# Visual Studio Version 16
VisualStudioVersion = 16.0.29424.173
MinimumVisualStudioVersion = 10.0.40219.1
Project("{E24C65DC-7377-472B-9ABA-BC803B73C61A}") = "wwwgerweck2de", ".", "{F738566E-0869-4B3D-BC64-1B6847C50F12}"
	ProjectSection(WebsiteProperties) = preProject
		TargetFrameworkMoniker = ".NETFramework,Version%3Dv4.0"
		Debug.AspNetCompiler.VirtualPath = "/localhost_50733"
		Debug.AspNetCompiler.PhysicalPath = "..\wwwgerweck2de\"
		Debug.AspNetCompiler.TargetPath = "PrecompiledWeb\localhost_50733\"
		Debug.AspNetCompiler.Updateable = "true"
		Debug.AspNetCompiler.ForceOverwrite = "true"
		Debug.AspNetCompiler.FixedNames = "false"
		Debug.AspNetCompiler.Debug = "True"
		Release.AspNetCompiler.VirtualPath = "/localhost_50733"
		Release.AspNetCompiler.PhysicalPath = "..\wwwgerweck2de\"
		Release.AspNetCompiler.TargetPath = "PrecompiledWeb\localhost_50733\"
		Release.AspNetCompiler.Updateable = "true"
		Release.AspNetCompiler.ForceOverwrite = "true"
		Release.AspNetCompiler.FixedNames = "false"
		Release.AspNetCompiler.Debug = "False"
		VWDPort = "50733"
		SlnRelativePath = "..\wwwgerweck2de\"
	EndProjectSection
EndProject
Global
	GlobalSection(SolutionConfigurationPlatforms) = preSolution
		Debug|Any CPU = Debug|Any CPU
	EndGlobalSection
	GlobalSection(ProjectConfigurationPlatforms) = postSolution
		{F738566E-0869-4B3D-BC64-1B6847C50F12}.Debug|Any CPU.ActiveCfg = Debug|Any CPU
		{F738566E-0869-4B3D-BC64-1B6847C50F12}.Debug|Any CPU.Build.0 = Debug|Any CPU
	EndGlobalSection
	GlobalSection(SolutionProperties) = preSolution
		HideSolutionNode = FALSE
	EndGlobalSection
	GlobalSection(ExtensibilityGlobals) = postSolution
		SolutionGuid = {49557005-7C9C-419C-83B2-D0210C5424C1}
	EndGlobalSection
EndGlobal
